
Microsoft Visual Studio Solution File, Format Version 12.00
# Visual Studio Version 16
VisualStudioVersion = 16.0.31025.194
MinimumVisualStudioVersion = 10.0.40219.1
Project("{8BC9CEB8-8B4A-11D0-8D11-00A0C91BC942}") = "Tic_Tac_Toe", "Tic_Tac_Toe.vcxproj", "{7AD1CBFF-BB6A-44C5-828D-527D9C2C0BE5}"
EndProject
Global
	GlobalSection(SolutionConfigurationPlatforms) = preSolution
		Debug|x64 = Debug|x64
		Release|x64 = Release|x64
	EndGlobalSection
	GlobalSection(ProjectConfigurationPlatforms) = postSolution
		{7AD1CBFF-BB6A-44C5-828D-527D9C2C0BE5}.Debug|x64.ActiveCfg = Debug|x64
		{7AD1CBFF-BB6A-44C5-828D-527D9C2C0BE5}.Debug|x64.Build.0 = Debug|x64
		{7AD1CBFF-BB6A-44C5-828D-527D9C2C0BE5}.Release|x64.ActiveCfg = Release|x64
		{7AD1CBFF-BB6A-44C5-828D-527D9C2C0BE5}.Release|x64.Build.0 = Release|x64
	EndGlobalSection
	GlobalSection(SolutionProperties) = preSolution
		HideSolutionNode = FALSE
	EndGlobalSection
	GlobalSection(ExtensibilityGlobals) = postSolution
		SolutionGuid = {DC9110F5-8F34-48FD-9618-5E6E321EC09C}
	EndGlobalSection
EndGlobal
